
Microsoft Visual Studio Solution File, Format Version 12.00
# Visual Studio Version 17
VisualStudioVersion = 17.2.32526.322
MinimumVisualStudioVersion = 10.0.40219.1
Project("{8BC9CEB8-8B4A-11D0-8D11-00A0C91BC942}") = "SpookyView", "SpookyView\SpookyView.vcxproj", "{7CE47E95-8AA0-4B62-87FD-CA1242022F47}"
EndProject
Project("{C7167F0D-BC9F-4E6E-AFE1-012C56B48DB5}") = "StorePackaging", "StorePackaging\StorePackaging.wapproj", "{5A5B9D71-588F-45C0-BD4A-0BC33BEE022E}"
EndProject
Global
	GlobalSection(SolutionConfigurationPlatforms) = preSolution
		Debug|Win32 = Debug|Win32
		Debug|x64 = Debug|x64
		Release Store|Win32 = Release Store|Win32
		Release Store|x64 = Release Store|x64
		Release|Win32 = Release|Win32
		Release|x64 = Release|x64
	EndGlobalSection
	GlobalSection(ProjectConfigurationPlatforms) = postSolution
		{7CE47E95-8AA0-4B62-87FD-CA1242022F47}.Debug|Win32.ActiveCfg = Debug|Win32
		{7CE47E95-8AA0-4B62-87FD-CA1242022F47}.Debug|Win32.Build.0 = Debug|Win32
		{7CE47E95-8AA0-4B62-87FD-CA1242022F47}.Debug|x64.ActiveCfg = Debug|x64
		{7CE47E95-8AA0-4B62-87FD-CA1242022F47}.Debug|x64.Build.0 = Debug|x64
		{7CE47E95-8AA0-4B62-87FD-CA1242022F47}.Release Store|Win32.ActiveCfg = Release Store|Win32
		{7CE47E95-8AA0-4B62-87FD-CA1242022F47}.Release Store|Win32.Build.0 = Release Store|Win32
		{7CE47E95-8AA0-4B62-87FD-CA1242022F47}.Release Store|x64.ActiveCfg = Release Store|x64
		{7CE47E95-8AA0-4B62-87FD-CA1242022F47}.Release Store|x64.Build.0 = Release Store|x64
		{7CE47E95-8AA0-4B62-87FD-CA1242022F47}.Release|Win32.ActiveCfg = Release|Win32
		{7CE47E95-8AA0-4B62-87FD-CA1242022F47}.Release|Win32.Build.0 = Release|Win32
		{7CE47E95-8AA0-4B62-87FD-CA1242022F47}.Release|x64.ActiveCfg = Release|x64
		{7CE47E95-8AA0-4B62-87FD-CA1242022F47}.Release|x64.Build.0 = Release|x64
		{5A5B9D71-588F-45C0-BD4A-0BC33BEE022E}.Debug|Win32.ActiveCfg = Debug|x86
		{5A5B9D71-588F-45C0-BD4A-0BC33BEE022E}.Debug|Win32.Build.0 = Debug|x86
		{5A5B9D71-588F-45C0-BD4A-0BC33BEE022E}.Debug|Win32.Deploy.0 = Debug|x86
		{5A5B9D71-588F-45C0-BD4A-0BC33BEE022E}.Debug|x64.ActiveCfg = Debug|x64
		{5A5B9D71-588F-45C0-BD4A-0BC33BEE022E}.Debug|x64.Build.0 = Debug|x64
		{5A5B9D71-588F-45C0-BD4A-0BC33BEE022E}.Debug|x64.Deploy.0 = Debug|x64
		{5A5B9D71-588F-45C0-BD4A-0BC33BEE022E}.Release Store|Win32.ActiveCfg = Release Store|x86
		{5A5B9D71-588F-45C0-BD4A-0BC33BEE022E}.Release Store|Win32.Build.0 = Release Store|x86
		{5A5B9D71-588F-45C0-BD4A-0BC33BEE022E}.Release Store|Win32.Deploy.0 = Release Store|x86
		{5A5B9D71-588F-45C0-BD4A-0BC33BEE022E}.Release Store|x64.ActiveCfg = Release Store|x64
		{5A5B9D71-588F-45C0-BD4A-0BC33BEE022E}.Release Store|x64.Build.0 = Release Store|x64
		{5A5B9D71-588F-45C0-BD4A-0BC33BEE022E}.Release Store|x64.Deploy.0 = Release Store|x64
		{5A5B9D71-588F-45C0-BD4A-0BC33BEE022E}.Release|Win32.ActiveCfg = Release|x86
		{5A5B9D71-588F-45C0-BD4A-0BC33BEE022E}.Release|Win32.Build.0 = Release|x86
		{5A5B9D71-588F-45C0-BD4A-0BC33BEE022E}.Release|Win32.Deploy.0 = Release|x86
		{5A5B9D71-588F-45C0-BD4A-0BC33BEE022E}.Release|x64.ActiveCfg = Release|x64
		{5A5B9D71-588F-45C0-BD4A-0BC33BEE022E}.Release|x64.Build.0 = Release|x64
		{5A5B9D71-588F-45C0-BD4A-0BC33BEE022E}.Release|x64.Deploy.0 = Release|x64
	EndGlobalSection
	GlobalSection(SolutionProperties) = preSolution
		HideSolutionNode = FALSE
	EndGlobalSection
	GlobalSection(ExtensibilityGlobals) = postSolution
		SolutionGuid = {BD16D268-E1AB-4004-A6D0-251F9C1F9961}
	EndGlobalSection
EndGlobal
