<?xml version="1.0" encoding="utf-8"?>
<Project ToolsVersion="4.0" xmlns="http://schemas.microsoft.com/developer/msbuild/2003">
  <ItemGroup>
    <Filter Include="Source Files">
      <UniqueIdentifier>{4FC737F1-C7A5-4376-A066-2A32D752A2FF}</UniqueIdentifier>
      <Extensions>cpp;c;cc;cxx;def;odl;idl;hpj;bat;asm;asmx</Extensions>
    </Filter>
    <Filter Include="Header Files">
      <UniqueIdentifier>{93995380-89BD-4b04-88EB-625FBE52EBFB}</UniqueIdentifier>
      <Extensions>h;hh;hpp;hxx;hm;inl;inc;xsd</Extensions>
    </Filter>
    <Filter Include="Resource Files">
      <UniqueIdentifier>{67DA6AB6-F800-4c08-8B7A-83BB121AAD01}</UniqueIdentifier>
      <Extensions>rc;ico;cur;bmp;dlg;rc2;rct;bin;rgs;gif;jpg;jpeg;jpe;resx;tiff;tif;png;wav;mfcribbon-ms</Extensions>
    </Filter>
    <Filter Include="Source Files\Classes">
      <UniqueIdentifier>{fa4b0b2d-48f8-43b7-8131-309ddbfe0914}</UniqueIdentifier>
    </Filter>
    <Filter Include="Header Files\Classes">
      <UniqueIdentifier>{b8772376-b0a3-4976-9631-1fa795c5b36e}</UniqueIdentifier>
    </Filter>
    <Filter Include="Source Files\Function">
      <UniqueIdentifier>{3629c232-97d2-4279-a09b-f36e9961a2c7}</UniqueIdentifier>
    </Filter>
    <Filter Include="Header Files\Function">
      <UniqueIdentifier>{cb4d36e7-e829-42f1-82ae-371453898755}</UniqueIdentifier>
    </Filter>
    <Filter Include="Header Files\Declarations">
      <UniqueIdentifier>{1227e986-b6e7-42ca-ba80-d0c9bf4e60c4}</UniqueIdentifier>
    </Filter>
    <Filter Include="Source Files\Declarations">
      <UniqueIdentifier>{92eadda4-ed19-4d14-b5c9-7f749acdc70c}</UniqueIdentifier>
    </Filter>
    <Filter Include="Source Files\Classes\Windows">
      <UniqueIdentifier>{f51f5de1-e8f7-42f9-ae93-3d0597d77bad}</UniqueIdentifier>
    </Filter>
    <Filter Include="Header Files\Classes\Windows">
      <UniqueIdentifier>{14b5428f-c8f8-444a-81bd-b17a252b2ea0}</UniqueIdentifier>
    </Filter>
    <Filter Include="Header Files\Classes\Settings">
      <UniqueIdentifier>{0d3323fc-24e9-4794-925b-d6896f4c6d46}</UniqueIdentifier>
    </Filter>
    <Filter Include="Source Files\Classes\Settings">
      <UniqueIdentifier>{94e6c2a0-8d9f-4c76-a4c9-c806faf5ae5e}</UniqueIdentifier>
    </Filter>
  </ItemGroup>
  <ItemGroup>
    <Text Include="ReadMe.txt" />
  </ItemGroup>
  <ItemGroup>
    <ClInclude Include="CWindow.h">
      <Filter>Header Files\Classes</Filter>
    </ClInclude>
    <ClInclude Include="CNotifyIcon.h">
      <Filter>Header Files\Classes</Filter>
    </ClInclude>
    <ClInclude Include="CPtrMap.h">
      <Filter>Header Files\Classes</Filter>
    </ClInclude>
    <ClInclude Include="CMainWindow.h">
      <Filter>Header Files\Classes\Windows</Filter>
    </ClInclude>
    <ClInclude Include="WndProc.h">
      <Filter>Header Files\Function</Filter>
    </ClInclude>
    <ClInclude Include="ClearView.h">
      <Filter>Header Files\Function</Filter>
    </ClInclude>
    <ClInclude Include="Resource.h">
      <Filter>Header Files\Declarations</Filter>
    </ClInclude>
    <ClInclude Include="stdafx.h">
      <Filter>Header Files\Declarations</Filter>
    </ClInclude>
    <ClInclude Include="targetver.h">
      <Filter>Header Files\Declarations</Filter>
    </ClInclude>
    <ClInclude Include="CWnd.h">
      <Filter>Header Files\Classes</Filter>
    </ClInclude>
    <ClInclude Include="CSetupDialog.h">
      <Filter>Header Files\Classes\Windows</Filter>
    </ClInclude>
    <ClInclude Include="CAbout.h">
      <Filter>Header Files\Classes\Windows</Filter>
    </ClInclude>
    <ClInclude Include="CSettings.h">
      <Filter>Header Files\Classes\Settings</Filter>
    </ClInclude>
    <ClInclude Include="CRegistrySettingsManager.h">
      <Filter>Header Files\Classes\Settings</Filter>
    </ClInclude>
    <ClInclude Include="String.h">
      <Filter>Header Files\Classes</Filter>
    </ClInclude>
    <ClInclude Include="CWindowSetting.h">
      <Filter>Header Files\Classes\Settings</Filter>
    </ClInclude>
    <ClInclude Include="ISettingsManager.h">
      <Filter>Header Files\Classes\Settings</Filter>
    </ClInclude>
    <ClInclude Include="CAlphaSettings.h">
      <Filter>Header Files\Classes\Settings</Filter>
    </ClInclude>
    <ClInclude Include="CProgramSetting.h">
      <Filter>Header Files\Classes\Settings</Filter>
    </ClInclude>
    <ClInclude Include="CModalDialog.h">
      <Filter>Header Files\Classes</Filter>
    </ClInclude>
    <ClInclude Include="CModelessDialog.h">
      <Filter>Header Files\Classes</Filter>
    </ClInclude>
    <ClInclude Include="CDialog.h">
      <Filter>Header Files\Classes</Filter>
    </ClInclude>
    <ClInclude Include="CAddAppDialog.h">
      <Filter>Header Files\Classes\Windows</Filter>
    </ClInclude>
    <ClInclude Include="CLimitSingleInstance.h">
      <Filter>Header Files\Classes</Filter>
    </ClInclude>
    <ClInclude Include="ListView.h">
      <Filter>Header Files\Classes</Filter>
    </ClInclude>
    <ClInclude Include="Checkbox.h">
      <Filter>Header Files\Classes</Filter>
    </ClInclude>
  </ItemGroup>
  <ItemGroup>
    <ClCompile Include="CWindow.cpp">
      <Filter>Source Files\Classes</Filter>
    </ClCompile>
    <ClCompile Include="CNotifyIcon.cpp">
      <Filter>Source Files\Classes</Filter>
    </ClCompile>
    <ClCompile Include="CPtrMap.cpp">
      <Filter>Source Files\Classes</Filter>
    </ClCompile>
    <ClCompile Include="CMainWindow.cpp">
      <Filter>Source Files\Classes\Windows</Filter>
    </ClCompile>
    <ClCompile Include="ClearView.cpp">
      <Filter>Source Files\Function</Filter>
    </ClCompile>
    <ClCompile Include="WndProc.cpp">
      <Filter>Source Files\Function</Filter>
    </ClCompile>
    <ClCompile Include="stdafx.cpp">
      <Filter>Source Files\Declarations</Filter>
    </ClCompile>
    <ClCompile Include="CWnd.cpp">
      <Filter>Source Files\Classes</Filter>
    </ClCompile>
    <ClCompile Include="CSetupDialog.cpp">
      <Filter>Source Files\Classes\Windows</Filter>
    </ClCompile>
    <ClCompile Include="CAbout.cpp">
      <Filter>Source Files\Classes\Windows</Filter>
    </ClCompile>
    <ClCompile Include="CSettings.cpp">
      <Filter>Source Files\Classes\Settings</Filter>
    </ClCompile>
    <ClCompile Include="CRegistrySettingsManager.cpp">
      <Filter>Source Files\Classes\Settings</Filter>
    </ClCompile>
    <ClCompile Include="CProgramSetting.cpp">
      <Filter>Source Files\Classes\Settings</Filter>
    </ClCompile>
    <ClCompile Include="CModalDialog.cpp">
      <Filter>Source Files\Classes</Filter>
    </ClCompile>
    <ClCompile Include="CModelessDialog.cpp">
      <Filter>Source Files\Classes</Filter>
    </ClCompile>
    <ClCompile Include="CDialog.cpp">
      <Filter>Source Files\Classes</Filter>
    </ClCompile>
    <ClCompile Include="CAddAppDialog.cpp">
      <Filter>Source Files\Classes\Windows</Filter>
    </ClCompile>
    <ClCompile Include="ListView.cpp">
      <Filter>Source Files\Classes</Filter>
    </ClCompile>
    <ClCompile Include="Checkbox.cpp">
      <Filter>Source Files\Classes</Filter>
    </ClCompile>
  </ItemGroup>
  <ItemGroup>
    <ResourceCompile Include="ClearView.rc">
      <Filter>Resource Files</Filter>
    </ResourceCompile>
  </ItemGroup>
  <ItemGroup>
    <Image Include="small.ico">
      <Filter>Resource Files</Filter>
    </Image>
    <Image Include="ClearView.ico">
      <Filter>Resource Files</Filter>
    </Image>
    <Image Include="Dino.bmp">
      <Filter>Resource Files</Filter>
    </Image>
  </ItemGroup>
  <ItemGroup>
    <Manifest Include="ClearView.exe.manifest">
      <Filter>Resource Files</Filter>
    </Manifest>
  </ItemGroup>
</Project>